
Microsoft Visual Studio Solution File, Format Version 11.00
# Visual Studio 2010
Project("{FAE04EC0-301F-11D3-BF4B-00C04F79EFBC}") = "Assembly-CSharp", "Assembly-CSharp.csproj", "{cc99fd02-b627-75e3-2cce-95ceeee2b2b5}"
EndProject
Project("{FAE04EC0-301F-11D3-BF4B-00C04F79EFBC}") = "Assembly-CSharp-Editor", "Assembly-CSharp-Editor.csproj", "{9823a7ff-bcf4-8de4-6f7c-699679cbafde}"
EndProject
Global
	GlobalSection(SolutionConfigurationPlatforms) = preSolution
		Debug|Any CPU = Debug|Any CPU
	EndGlobalSection
	GlobalSection(ProjectConfigurationPlatforms) = postSolution
		{cc99fd02-b627-75e3-2cce-95ceeee2b2b5}.Debug|Any CPU.ActiveCfg = Debug|Any CPU
		{cc99fd02-b627-75e3-2cce-95ceeee2b2b5}.Debug|Any CPU.Build.0 = Debug|Any CPU
		{9823a7ff-bcf4-8de4-6f7c-699679cbafde}.Debug|Any CPU.ActiveCfg = Debug|Any CPU
		{9823a7ff-bcf4-8de4-6f7c-699679cbafde}.Debug|Any CPU.Build.0 = Debug|Any CPU
	EndGlobalSection
	GlobalSection(SolutionProperties) = preSolution
		HideSolutionNode = FALSE
	EndGlobalSection
EndGlobal
