
Microsoft Visual Studio Solution File, Format Version 11.00
# Visual Studio 2010
Project("{FAE04EC0-301F-11D3-BF4B-00C04F79EFBC}") = "Assembly-CSharp", "Assembly-CSharp.csproj", "{d8b32bd9-3d2d-224e-e61d-b861818a37af}"
EndProject
Project("{FAE04EC0-301F-11D3-BF4B-00C04F79EFBC}") = "Assembly-CSharp-Editor", "Assembly-CSharp-Editor.csproj", "{e053c28f-5aa5-54ed-78b6-732b3c1aca06}"
EndProject
Global
	GlobalSection(SolutionConfigurationPlatforms) = preSolution
		Debug|Any CPU = Debug|Any CPU
	EndGlobalSection
	GlobalSection(ProjectConfigurationPlatforms) = postSolution
		{d8b32bd9-3d2d-224e-e61d-b861818a37af}.Debug|Any CPU.ActiveCfg = Debug|Any CPU
		{d8b32bd9-3d2d-224e-e61d-b861818a37af}.Debug|Any CPU.Build.0 = Debug|Any CPU
		{e053c28f-5aa5-54ed-78b6-732b3c1aca06}.Debug|Any CPU.ActiveCfg = Debug|Any CPU
		{e053c28f-5aa5-54ed-78b6-732b3c1aca06}.Debug|Any CPU.Build.0 = Debug|Any CPU
	EndGlobalSection
	GlobalSection(SolutionProperties) = preSolution
		HideSolutionNode = FALSE
	EndGlobalSection
EndGlobal
