
Microsoft Visual Studio Solution File, Format Version 11.00
# Visual Studio 2010
Project("{FAE04EC0-301F-11D3-BF4B-00C04F79EFBC}") = "Mirror", "Mirror.csproj", "{819591e3-0089-6f00-96a7-f3ec7dc107e5}"
EndProject
Project("{FAE04EC0-301F-11D3-BF4B-00C04F79EFBC}") = "SimpleWebTransport", "SimpleWebTransport.csproj", "{b5c04c57-9823-f8cc-8d1d-f0004eed55df}"
EndProject
Project("{FAE04EC0-301F-11D3-BF4B-00C04F79EFBC}") = "Mirror.Examples", "Mirror.Examples.csproj", "{c759381c-05a7-faa7-47f2-57f7118184a4}"
EndProject
Project("{FAE04EC0-301F-11D3-BF4B-00C04F79EFBC}") = "Mirror.Components", "Mirror.Components.csproj", "{f4116dae-fbaa-858e-1e71-265c9d29af55}"
EndProject
Project("{FAE04EC0-301F-11D3-BF4B-00C04F79EFBC}") = "Assembly-CSharp", "Assembly-CSharp.csproj", "{7ecf8ea0-84ec-6f8e-6421-f2bfb1184bbc}"
EndProject
Project("{FAE04EC0-301F-11D3-BF4B-00C04F79EFBC}") = "Telepathy", "Telepathy.csproj", "{5a73f4f8-0545-2aba-52ca-a4c03bdc3264}"
EndProject
Project("{FAE04EC0-301F-11D3-BF4B-00C04F79EFBC}") = "Mirror.Authenticators", "Mirror.Authenticators.csproj", "{8c962f26-6fa6-bf2a-6176-f5c6aa4f4f27}"
EndProject
Project("{FAE04EC0-301F-11D3-BF4B-00C04F79EFBC}") = "Mirror.Examples.Cloud.GUI", "Mirror.Examples.Cloud.GUI.csproj", "{4b94ad24-d425-60b3-2a8f-3b1f9cbf94ee}"
EndProject
Project("{FAE04EC0-301F-11D3-BF4B-00C04F79EFBC}") = "Mirror.Cloud", "Mirror.Cloud.csproj", "{6331a24f-20d2-30a2-2e7d-b0d4f67fb5bb}"
EndProject
Project("{FAE04EC0-301F-11D3-BF4B-00C04F79EFBC}") = "kcp2k", "kcp2k.csproj", "{0fa81fff-f64f-8b2e-337f-75ea70616920}"
EndProject
Project("{FAE04EC0-301F-11D3-BF4B-00C04F79EFBC}") = "Mirror.Examples.Cloud.Pong", "Mirror.Examples.Cloud.Pong.csproj", "{2eb33fc0-b911-c68f-9033-1993e66145f7}"
EndProject
Project("{FAE04EC0-301F-11D3-BF4B-00C04F79EFBC}") = "Mirror.Weaver", "Mirror.Weaver.csproj", "{65991fc2-0e26-e0c1-b982-534a5f3b7b8f}"
EndProject
Project("{FAE04EC0-301F-11D3-BF4B-00C04F79EFBC}") = "Mirror.Editor", "Mirror.Editor.csproj", "{794a817b-1ef3-74ac-a44a-e9f1aeb1ff1c}"
EndProject
Project("{FAE04EC0-301F-11D3-BF4B-00C04F79EFBC}") = "Mirror.CompilerSymbols", "Mirror.CompilerSymbols.csproj", "{909715e7-4219-3354-cc28-027209ba5db2}"
EndProject
Global
	GlobalSection(SolutionConfigurationPlatforms) = preSolution
		Debug|Any CPU = Debug|Any CPU
	EndGlobalSection
	GlobalSection(ProjectConfigurationPlatforms) = postSolution
		{819591e3-0089-6f00-96a7-f3ec7dc107e5}.Debug|Any CPU.ActiveCfg = Debug|Any CPU
		{819591e3-0089-6f00-96a7-f3ec7dc107e5}.Debug|Any CPU.Build.0 = Debug|Any CPU
		{b5c04c57-9823-f8cc-8d1d-f0004eed55df}.Debug|Any CPU.ActiveCfg = Debug|Any CPU
		{b5c04c57-9823-f8cc-8d1d-f0004eed55df}.Debug|Any CPU.Build.0 = Debug|Any CPU
		{c759381c-05a7-faa7-47f2-57f7118184a4}.Debug|Any CPU.ActiveCfg = Debug|Any CPU
		{c759381c-05a7-faa7-47f2-57f7118184a4}.Debug|Any CPU.Build.0 = Debug|Any CPU
		{f4116dae-fbaa-858e-1e71-265c9d29af55}.Debug|Any CPU.ActiveCfg = Debug|Any CPU
		{f4116dae-fbaa-858e-1e71-265c9d29af55}.Debug|Any CPU.Build.0 = Debug|Any CPU
		{7ecf8ea0-84ec-6f8e-6421-f2bfb1184bbc}.Debug|Any CPU.ActiveCfg = Debug|Any CPU
		{7ecf8ea0-84ec-6f8e-6421-f2bfb1184bbc}.Debug|Any CPU.Build.0 = Debug|Any CPU
		{5a73f4f8-0545-2aba-52ca-a4c03bdc3264}.Debug|Any CPU.ActiveCfg = Debug|Any CPU
		{5a73f4f8-0545-2aba-52ca-a4c03bdc3264}.Debug|Any CPU.Build.0 = Debug|Any CPU
		{8c962f26-6fa6-bf2a-6176-f5c6aa4f4f27}.Debug|Any CPU.ActiveCfg = Debug|Any CPU
		{8c962f26-6fa6-bf2a-6176-f5c6aa4f4f27}.Debug|Any CPU.Build.0 = Debug|Any CPU
		{4b94ad24-d425-60b3-2a8f-3b1f9cbf94ee}.Debug|Any CPU.ActiveCfg = Debug|Any CPU
		{4b94ad24-d425-60b3-2a8f-3b1f9cbf94ee}.Debug|Any CPU.Build.0 = Debug|Any CPU
		{6331a24f-20d2-30a2-2e7d-b0d4f67fb5bb}.Debug|Any CPU.ActiveCfg = Debug|Any CPU
		{6331a24f-20d2-30a2-2e7d-b0d4f67fb5bb}.Debug|Any CPU.Build.0 = Debug|Any CPU
		{0fa81fff-f64f-8b2e-337f-75ea70616920}.Debug|Any CPU.ActiveCfg = Debug|Any CPU
		{0fa81fff-f64f-8b2e-337f-75ea70616920}.Debug|Any CPU.Build.0 = Debug|Any CPU
		{2eb33fc0-b911-c68f-9033-1993e66145f7}.Debug|Any CPU.ActiveCfg = Debug|Any CPU
		{2eb33fc0-b911-c68f-9033-1993e66145f7}.Debug|Any CPU.Build.0 = Debug|Any CPU
		{65991fc2-0e26-e0c1-b982-534a5f3b7b8f}.Debug|Any CPU.ActiveCfg = Debug|Any CPU
		{65991fc2-0e26-e0c1-b982-534a5f3b7b8f}.Debug|Any CPU.Build.0 = Debug|Any CPU
		{794a817b-1ef3-74ac-a44a-e9f1aeb1ff1c}.Debug|Any CPU.ActiveCfg = Debug|Any CPU
		{794a817b-1ef3-74ac-a44a-e9f1aeb1ff1c}.Debug|Any CPU.Build.0 = Debug|Any CPU
		{909715e7-4219-3354-cc28-027209ba5db2}.Debug|Any CPU.ActiveCfg = Debug|Any CPU
		{909715e7-4219-3354-cc28-027209ba5db2}.Debug|Any CPU.Build.0 = Debug|Any CPU
	EndGlobalSection
	GlobalSection(SolutionProperties) = preSolution
		HideSolutionNode = FALSE
	EndGlobalSection
EndGlobal
